// !$*UTF8*$!
{
	archiveVersion = 1;
	classes = {
	};
	objectVersion = 56;
	objects = {

/* Begin PBXBuildFile section */
		84AE21372C93546A00C2CC6F /* UnibuiAssignmentApp.swift in Sources */ = {isa = PBXBuildFile; fileRef = 84AE21362C93546A00C2CC6F /* UnibuiAssignmentApp.swift */; };
		84AE21392C93546A00C2CC6F /* OpenJobsView.swift in Sources */ = {isa = PBXBuildFile; fileRef = 84AE21382C93546A00C2CC6F /* OpenJobsView.swift */; };
		84AE213B2C93546B00C2CC6F /* Assets.xcassets in Resources */ = {isa = PBXBuildFile; fileRef = 84AE213A2C93546B00C2CC6F /* Assets.xcassets */; };
		84AE213E2C93546B00C2CC6F /* Preview Assets.xcassets in Resources */ = {isa = PBXBuildFile; fileRef = 84AE213D2C93546B00C2CC6F /* Preview Assets.xcassets */; };
		84AE21402C93546B00C2CC6F /* Persistence.swift in Sources */ = {isa = PBXBuildFile; fileRef = 84AE213F2C93546B00C2CC6F /* Persistence.swift */; };
		84AE21432C93546B00C2CC6F /* UnibuiAssignment.xcdatamodeld in Sources */ = {isa = PBXBuildFile; fileRef = 84AE21412C93546B00C2CC6F /* UnibuiAssignment.xcdatamodeld */; };
		84AE214D2C93546B00C2CC6F /* UnibuiAssignmentTests.swift in Sources */ = {isa = PBXBuildFile; fileRef = 84AE214C2C93546B00C2CC6F /* UnibuiAssignmentTests.swift */; };
		84AE21572C93546B00C2CC6F /* UnibuiAssignmentUITests.swift in Sources */ = {isa = PBXBuildFile; fileRef = 84AE21562C93546B00C2CC6F /* UnibuiAssignmentUITests.swift */; };
		84AE21592C93546B00C2CC6F /* UnibuiAssignmentUITestsLaunchTests.swift in Sources */ = {isa = PBXBuildFile; fileRef = 84AE21582C93546B00C2CC6F /* UnibuiAssignmentUITestsLaunchTests.swift */; };
		84AE22032C98FD0800C2CC6F /* CSVDataManager.swift in Sources */ = {isa = PBXBuildFile; fileRef = 84AE22022C98FD0800C2CC6F /* CSVDataManager.swift */; };
		84AE22072C98FFC100C2CC6F /* jobsMock.csv in Resources */ = {isa = PBXBuildFile; fileRef = 84AE22062C98FFC100C2CC6F /* jobsMock.csv */; };
		84AE220A2C9900F400C2CC6F /* Job.swift in Sources */ = {isa = PBXBuildFile; fileRef = 84AE22092C9900F400C2CC6F /* Job.swift */; };
		84AE220D2C9A242100C2CC6F /* JobDetailView.swift in Sources */ = {isa = PBXBuildFile; fileRef = 84AE220C2C9A242100C2CC6F /* JobDetailView.swift */; };
		84AE22102C9CD18500C2CC6F /* JobDetailViewModel.swift in Sources */ = {isa = PBXBuildFile; fileRef = 84AE220F2C9CD18500C2CC6F /* JobDetailViewModel.swift */; };
/* End PBXBuildFile section */

/* Begin PBXContainerItemProxy section */
		84AE21492C93546B00C2CC6F /* PBXContainerItemProxy */ = {
			isa = PBXContainerItemProxy;
			containerPortal = 84AE212B2C93546A00C2CC6F /* Project object */;
			proxyType = 1;
			remoteGlobalIDString = 84AE21322C93546A00C2CC6F;
			remoteInfo = UnibuiAssignment;
		};
		84AE21532C93546B00C2CC6F /* PBXContainerItemProxy */ = {
			isa = PBXContainerItemProxy;
			containerPortal = 84AE212B2C93546A00C2CC6F /* Project object */;
			proxyType = 1;
			remoteGlobalIDString = 84AE21322C93546A00C2CC6F;
			remoteInfo = UnibuiAssignment;
		};
/* End PBXContainerItemProxy section */

/* Begin PBXFileReference section */
		84AE21332C93546A00C2CC6F /* UnibuiAssignment.app */ = {isa = PBXFileReference; explicitFileType = wrapper.application; includeInIndex = 0; path = UnibuiAssignment.app; sourceTree = BUILT_PRODUCTS_DIR; };
		84AE21362C93546A00C2CC6F /* UnibuiAssignmentApp.swift */ = {isa = PBXFileReference; lastKnownFileType = sourcecode.swift; path = UnibuiAssignmentApp.swift; sourceTree = "<group>"; };
		84AE21382C93546A00C2CC6F /* OpenJobsView.swift */ = {isa = PBXFileReference; lastKnownFileType = sourcecode.swift; path = OpenJobsView.swift; sourceTree = "<group>"; };
		84AE213A2C93546B00C2CC6F /* Assets.xcassets */ = {isa = PBXFileReference; lastKnownFileType = folder.assetcatalog; path = Assets.xcassets; sourceTree = "<group>"; };
		84AE213D2C93546B00C2CC6F /* Preview Assets.xcassets */ = {isa = PBXFileReference; lastKnownFileType = folder.assetcatalog; path = "Preview Assets.xcassets"; sourceTree = "<group>"; };
		84AE213F2C93546B00C2CC6F /* Persistence.swift */ = {isa = PBXFileReference; lastKnownFileType = sourcecode.swift; path = Persistence.swift; sourceTree = "<group>"; };
		84AE21422C93546B00C2CC6F /* UnibuiAssignment.xcdatamodel */ = {isa = PBXFileReference; lastKnownFileType = wrapper.xcdatamodel; path = UnibuiAssignment.xcdatamodel; sourceTree = "<group>"; };
		84AE21482C93546B00C2CC6F /* UnibuiAssignmentTests.xctest */ = {isa = PBXFileReference; explicitFileType = wrapper.cfbundle; includeInIndex = 0; path = UnibuiAssignmentTests.xctest; sourceTree = BUILT_PRODUCTS_DIR; };
		84AE214C2C93546B00C2CC6F /* UnibuiAssignmentTests.swift */ = {isa = PBXFileReference; lastKnownFileType = sourcecode.swift; path = UnibuiAssignmentTests.swift; sourceTree = "<group>"; };
		84AE21522C93546B00C2CC6F /* UnibuiAssignmentUITests.xctest */ = {isa = PBXFileReference; explicitFileType = wrapper.cfbundle; includeInIndex = 0; path = UnibuiAssignmentUITests.xctest; sourceTree = BUILT_PRODUCTS_DIR; };
		84AE21562C93546B00C2CC6F /* UnibuiAssignmentUITests.swift */ = {isa = PBXFileReference; lastKnownFileType = sourcecode.swift; path = UnibuiAssignmentUITests.swift; sourceTree = "<group>"; };
		84AE21582C93546B00C2CC6F /* UnibuiAssignmentUITestsLaunchTests.swift */ = {isa = PBXFileReference; lastKnownFileType = sourcecode.swift; path = UnibuiAssignmentUITestsLaunchTests.swift; sourceTree = "<group>"; };
		84AE22022C98FD0800C2CC6F /* CSVDataManager.swift */ = {isa = PBXFileReference; lastKnownFileType = sourcecode.swift; path = CSVDataManager.swift; sourceTree = "<group>"; };
		84AE22062C98FFC100C2CC6F /* jobsMock.csv */ = {isa = PBXFileReference; fileEncoding = 4; lastKnownFileType = text; path = jobsMock.csv; sourceTree = "<group>"; };
		84AE22092C9900F400C2CC6F /* Job.swift */ = {isa = PBXFileReference; lastKnownFileType = sourcecode.swift; path = Job.swift; sourceTree = "<group>"; };
		84AE220C2C9A242100C2CC6F /* JobDetailView.swift */ = {isa = PBXFileReference; lastKnownFileType = sourcecode.swift; path = JobDetailView.swift; sourceTree = "<group>"; };
		84AE220F2C9CD18500C2CC6F /* JobDetailViewModel.swift */ = {isa = PBXFileReference; lastKnownFileType = sourcecode.swift; path = JobDetailViewModel.swift; sourceTree = "<group>"; };
/* End PBXFileReference section */

/* Begin PBXFrameworksBuildPhase section */
		84AE21302C93546A00C2CC6F /* Frameworks */ = {
			isa = PBXFrameworksBuildPhase;
			buildActionMask = 2147483647;
			files = (
			);
			runOnlyForDeploymentPostprocessing = 0;
		};
		84AE21452C93546B00C2CC6F /* Frameworks */ = {
			isa = PBXFrameworksBuildPhase;
			buildActionMask = 2147483647;
			files = (
			);
			runOnlyForDeploymentPostprocessing = 0;
		};
		84AE214F2C93546B00C2CC6F /* Frameworks */ = {
			isa = PBXFrameworksBuildPhase;
			buildActionMask = 2147483647;
			files = (
			);
			runOnlyForDeploymentPostprocessing = 0;
		};
/* End PBXFrameworksBuildPhase section */

/* Begin PBXGroup section */
		84AE212A2C93546A00C2CC6F = {
			isa = PBXGroup;
			children = (
				84AE21352C93546A00C2CC6F /* UnibuiAssignment */,
				84AE214B2C93546B00C2CC6F /* UnibuiAssignmentTests */,
				84AE21552C93546B00C2CC6F /* UnibuiAssignmentUITests */,
				84AE21342C93546A00C2CC6F /* Products */,
			);
			sourceTree = "<group>";
		};
		84AE21342C93546A00C2CC6F /* Products */ = {
			isa = PBXGroup;
			children = (
				84AE21332C93546A00C2CC6F /* UnibuiAssignment.app */,
				84AE21482C93546B00C2CC6F /* UnibuiAssignmentTests.xctest */,
				84AE21522C93546B00C2CC6F /* UnibuiAssignmentUITests.xctest */,
			);
			name = Products;
			sourceTree = "<group>";
		};
		84AE21352C93546A00C2CC6F /* UnibuiAssignment */ = {
			isa = PBXGroup;
			children = (
				84AE220B2C9900FC00C2CC6F /* Models */,
				84AE22082C98FFD700C2CC6F /* Mocks */,
				84AE21362C93546A00C2CC6F /* UnibuiAssignmentApp.swift */,
				84AE22042C98FD0E00C2CC6F /* Views */,
				84AE220E2C9CD15100C2CC6F /* ViewModels */,
				84AE22052C98FD3200C2CC6F /* Utilities */,
				84AE213A2C93546B00C2CC6F /* Assets.xcassets */,
				84AE213F2C93546B00C2CC6F /* Persistence.swift */,
				84AE21412C93546B00C2CC6F /* UnibuiAssignment.xcdatamodeld */,
				84AE213C2C93546B00C2CC6F /* Preview Content */,
			);
			path = UnibuiAssignment;
			sourceTree = "<group>";
		};
		84AE213C2C93546B00C2CC6F /* Preview Content */ = {
			isa = PBXGroup;
			children = (
				84AE213D2C93546B00C2CC6F /* Preview Assets.xcassets */,
			);
			path = "Preview Content";
			sourceTree = "<group>";
		};
		84AE214B2C93546B00C2CC6F /* UnibuiAssignmentTests */ = {
			isa = PBXGroup;
			children = (
				84AE214C2C93546B00C2CC6F /* UnibuiAssignmentTests.swift */,
			);
			path = UnibuiAssignmentTests;
			sourceTree = "<group>";
		};
		84AE21552C93546B00C2CC6F /* UnibuiAssignmentUITests */ = {
			isa = PBXGroup;
			children = (
				84AE21562C93546B00C2CC6F /* UnibuiAssignmentUITests.swift */,
				84AE21582C93546B00C2CC6F /* UnibuiAssignmentUITestsLaunchTests.swift */,
			);
			path = UnibuiAssignmentUITests;
			sourceTree = "<group>";
		};
		84AE22042C98FD0E00C2CC6F /* Views */ = {
			isa = PBXGroup;
			children = (
				84AE21382C93546A00C2CC6F /* OpenJobsView.swift */,
				84AE220C2C9A242100C2CC6F /* JobDetailView.swift */,
			);
			path = Views;
			sourceTree = "<group>";
		};
		84AE22052C98FD3200C2CC6F /* Utilities */ = {
			isa = PBXGroup;
			children = (
				84AE22022C98FD0800C2CC6F /* CSVDataManager.swift */,
			);
			path = Utilities;
			sourceTree = "<group>";
		};
		84AE22082C98FFD700C2CC6F /* Mocks */ = {
			isa = PBXGroup;
			children = (
				84AE22062C98FFC100C2CC6F /* jobsMock.csv */,
			);
			path = Mocks;
			sourceTree = "<group>";
		};
		84AE220B2C9900FC00C2CC6F /* Models */ = {
			isa = PBXGroup;
			children = (
				84AE22092C9900F400C2CC6F /* Job.swift */,
			);
			path = Models;
			sourceTree = "<group>";
		};
		84AE220E2C9CD15100C2CC6F /* ViewModels */ = {
			isa = PBXGroup;
			children = (
				84AE220F2C9CD18500C2CC6F /* JobDetailViewModel.swift */,
			);
			path = ViewModels;
			sourceTree = "<group>";
		};
/* End PBXGroup section */

/* Begin PBXNativeTarget section */
		84AE21322C93546A00C2CC6F /* UnibuiAssignment */ = {
			isa = PBXNativeTarget;
			buildConfigurationList = 84AE215C2C93546B00C2CC6F /* Build configuration list for PBXNativeTarget "UnibuiAssignment" */;
			buildPhases = (
				84AE212F2C93546A00C2CC6F /* Sources */,
				84AE21302C93546A00C2CC6F /* Frameworks */,
				84AE21312C93546A00C2CC6F /* Resources */,
			);
			buildRules = (
			);
			dependencies = (
			);
			name = UnibuiAssignment;
			productName = UnibuiAssignment;
			productReference = 84AE21332C93546A00C2CC6F /* UnibuiAssignment.app */;
			productType = "com.apple.product-type.application";
		};
		84AE21472C93546B00C2CC6F /* UnibuiAssignmentTests */ = {
			isa = PBXNativeTarget;
			buildConfigurationList = 84AE215F2C93546B00C2CC6F /* Build configuration list for PBXNativeTarget "UnibuiAssignmentTests" */;
			buildPhases = (
				84AE21442C93546B00C2CC6F /* Sources */,
				84AE21452C93546B00C2CC6F /* Frameworks */,
				84AE21462C93546B00C2CC6F /* Resources */,
			);
			buildRules = (
			);
			dependencies = (
				84AE214A2C93546B00C2CC6F /* PBXTargetDependency */,
			);
			name = UnibuiAssignmentTests;
			productName = UnibuiAssignmentTests;
			productReference = 84AE21482C93546B00C2CC6F /* UnibuiAssignmentTests.xctest */;
			productType = "com.apple.product-type.bundle.unit-test";
		};
		84AE21512C93546B00C2CC6F /* UnibuiAssignmentUITests */ = {
			isa = PBXNativeTarget;
			buildConfigurationList = 84AE21622C93546B00C2CC6F /* Build configuration list for PBXNativeTarget "UnibuiAssignmentUITests" */;
			buildPhases = (
				84AE214E2C93546B00C2CC6F /* Sources */,
				84AE214F2C93546B00C2CC6F /* Frameworks */,
				84AE21502C93546B00C2CC6F /* Resources */,
			);
			buildRules = (
			);
			dependencies = (
				84AE21542C93546B00C2CC6F /* PBXTargetDependency */,
			);
			name = UnibuiAssignmentUITests;
			productName = UnibuiAssignmentUITests;
			productReference = 84AE21522C93546B00C2CC6F /* UnibuiAssignmentUITests.xctest */;
			productType = "com.apple.product-type.bundle.ui-testing";
		};
/* End PBXNativeTarget section */

/* Begin PBXProject section */
		84AE212B2C93546A00C2CC6F /* Project object */ = {
			isa = PBXProject;
			attributes = {
				BuildIndependentTargetsInParallel = 1;
				LastSwiftUpdateCheck = 1530;
				LastUpgradeCheck = 1530;
				TargetAttributes = {
					84AE21322C93546A00C2CC6F = {
						CreatedOnToolsVersion = 15.3;
					};
					84AE21472C93546B00C2CC6F = {
						CreatedOnToolsVersion = 15.3;
						TestTargetID = 84AE21322C93546A00C2CC6F;
					};
					84AE21512C93546B00C2CC6F = {
						CreatedOnToolsVersion = 15.3;
						TestTargetID = 84AE21322C93546A00C2CC6F;
					};
				};
			};
			buildConfigurationList = 84AE212E2C93546A00C2CC6F /* Build configuration list for PBXProject "UnibuiAssignment" */;
			compatibilityVersion = "Xcode 14.0";
			developmentRegion = en;
			hasScannedForEncodings = 0;
			knownRegions = (
				en,
				Base,
			);
			mainGroup = 84AE212A2C93546A00C2CC6F;
			productRefGroup = 84AE21342C93546A00C2CC6F /* Products */;
			projectDirPath = "";
			projectRoot = "";
			targets = (
				84AE21322C93546A00C2CC6F /* UnibuiAssignment */,
				84AE21472C93546B00C2CC6F /* UnibuiAssignmentTests */,
				84AE21512C93546B00C2CC6F /* UnibuiAssignmentUITests */,
			);
		};
/* End PBXProject section */

/* Begin PBXResourcesBuildPhase section */
		84AE21312C93546A00C2CC6F /* Resources */ = {
			isa = PBXResourcesBuildPhase;
			buildActionMask = 2147483647;
			files = (
				84AE213E2C93546B00C2CC6F /* Preview Assets.xcassets in Resources */,
				84AE213B2C93546B00C2CC6F /* Assets.xcassets in Resources */,
				84AE22072C98FFC100C2CC6F /* jobsMock.csv in Resources */,
			);
			runOnlyForDeploymentPostprocessing = 0;
		};
		84AE21462C93546B00C2CC6F /* Resources */ = {
			isa = PBXResourcesBuildPhase;
			buildActionMask = 2147483647;
			files = (
			);
			runOnlyForDeploymentPostprocessing = 0;
		};
		84AE21502C93546B00C2CC6F /* Resources */ = {
			isa = PBXResourcesBuildPhase;
			buildActionMask = 2147483647;
			files = (
			);
			runOnlyForDeploymentPostprocessing = 0;
		};
/* End PBXResourcesBuildPhase section */

/* Begin PBXSourcesBuildPhase section */
		84AE212F2C93546A00C2CC6F /* Sources */ = {
			isa = PBXSourcesBuildPhase;
			buildActionMask = 2147483647;
			files = (
				84AE21402C93546B00C2CC6F /* Persistence.swift in Sources */,
				84AE220A2C9900F400C2CC6F /* Job.swift in Sources */,
				84AE21392C93546A00C2CC6F /* OpenJobsView.swift in Sources */,
				84AE220D2C9A242100C2CC6F /* JobDetailView.swift in Sources */,
				84AE21432C93546B00C2CC6F /* UnibuiAssignment.xcdatamodeld in Sources */,
				84AE22032C98FD0800C2CC6F /* CSVDataManager.swift in Sources */,
				84AE21372C93546A00C2CC6F /* UnibuiAssignmentApp.swift in Sources */,
				84AE22102C9CD18500C2CC6F /* JobDetailViewModel.swift in Sources */,
			);
			runOnlyForDeploymentPostprocessing = 0;
		};
		84AE21442C93546B00C2CC6F /* Sources */ = {
			isa = PBXSourcesBuildPhase;
			buildActionMask = 2147483647;
			files = (
				84AE214D2C93546B00C2CC6F /* UnibuiAssignmentTests.swift in Sources */,
			);
			runOnlyForDeploymentPostprocessing = 0;
		};
		84AE214E2C93546B00C2CC6F /* Sources */ = {
			isa = PBXSourcesBuildPhase;
			buildActionMask = 2147483647;
			files = (
				84AE21572C93546B00C2CC6F /* UnibuiAssignmentUITests.swift in Sources */,
				84AE21592C93546B00C2CC6F /* UnibuiAssignmentUITestsLaunchTests.swift in Sources */,
			);
			runOnlyForDeploymentPostprocessing = 0;
		};
/* End PBXSourcesBuildPhase section */

/* Begin PBXTargetDependency section */
		84AE214A2C93546B00C2CC6F /* PBXTargetDependency */ = {
			isa = PBXTargetDependency;
			target = 84AE21322C93546A00C2CC6F /* UnibuiAssignment */;
			targetProxy = 84AE21492C93546B00C2CC6F /* PBXContainerItemProxy */;
		};
		84AE21542C93546B00C2CC6F /* PBXTargetDependency */ = {
			isa = PBXTargetDependency;
			target = 84AE21322C93546A00C2CC6F /* UnibuiAssignment */;
			targetProxy = 84AE21532C93546B00C2CC6F /* PBXContainerItemProxy */;
		};
/* End PBXTargetDependency section */

/* Begin XCBuildConfiguration section */
		84AE215A2C93546B00C2CC6F /* Debug */ = {
			isa = XCBuildConfiguration;
			buildSettings = {
				ALWAYS_SEARCH_USER_PATHS = NO;
				ASSETCATALOG_COMPILER_GENERATE_SWIFT_ASSET_SYMBOL_EXTENSIONS = YES;
				CLANG_ANALYZER_NONNULL = YES;
				CLANG_ANALYZER_NUMBER_OBJECT_CONVERSION = YES_AGGRESSIVE;
				CLANG_CXX_LANGUAGE_STANDARD = "gnu++20";
				CLANG_ENABLE_MODULES = YES;
				CLANG_ENABLE_OBJC_ARC = YES;
				CLANG_ENABLE_OBJC_WEAK = YES;
				CLANG_WARN_BLOCK_CAPTURE_AUTORELEASING = YES;
				CLANG_WARN_BOOL_CONVERSION = YES;
				CLANG_WARN_COMMA = YES;
				CLANG_WARN_CONSTANT_CONVERSION = YES;
				CLANG_WARN_DEPRECATED_OBJC_IMPLEMENTATIONS = YES;
				CLANG_WARN_DIRECT_OBJC_ISA_USAGE = YES_ERROR;
				CLANG_WARN_DOCUMENTATION_COMMENTS = YES;
				CLANG_WARN_EMPTY_BODY = YES;
				CLANG_WARN_ENUM_CONVERSION = YES;
				CLANG_WARN_INFINITE_RECURSION = YES;
				CLANG_WARN_INT_CONVERSION = YES;
				CLANG_WARN_NON_LITERAL_NULL_CONVERSION = YES;
				CLANG_WARN_OBJC_IMPLICIT_RETAIN_SELF = YES;
				CLANG_WARN_OBJC_LITERAL_CONVERSION = YES;
				CLANG_WARN_OBJC_ROOT_CLASS = YES_ERROR;
				CLANG_WARN_QUOTED_INCLUDE_IN_FRAMEWORK_HEADER = YES;
				CLANG_WARN_RANGE_LOOP_ANALYSIS = YES;
				CLANG_WARN_STRICT_PROTOTYPES = YES;
				CLANG_WARN_SUSPICIOUS_MOVE = YES;
				CLANG_WARN_UNGUARDED_AVAILABILITY = YES_AGGRESSIVE;
				CLANG_WARN_UNREACHABLE_CODE = YES;
				CLANG_WARN__DUPLICATE_METHOD_MATCH = YES;
				COPY_PHASE_STRIP = NO;
				DEBUG_INFORMATION_FORMAT = dwarf;
				ENABLE_STRICT_OBJC_MSGSEND = YES;
				ENABLE_TESTABILITY = YES;
				ENABLE_USER_SCRIPT_SANDBOXING = YES;
				GCC_C_LANGUAGE_STANDARD = gnu17;
				GCC_DYNAMIC_NO_PIC = NO;
				GCC_NO_COMMON_BLOCKS = YES;
				GCC_OPTIMIZATION_LEVEL = 0;
				GCC_PREPROCESSOR_DEFINITIONS = (
					"DEBUG=1",
					"$(inherited)",
				);
				GCC_WARN_64_TO_32_BIT_CONVERSION = YES;
				GCC_WARN_ABOUT_RETURN_TYPE = YES_ERROR;
				GCC_WARN_UNDECLARED_SELECTOR = YES;
				GCC_WARN_UNINITIALIZED_AUTOS = YES_AGGRESSIVE;
				GCC_WARN_UNUSED_FUNCTION = YES;
				GCC_WARN_UNUSED_VARIABLE = YES;
				IPHONEOS_DEPLOYMENT_TARGET = 17.4;
				LOCALIZATION_PREFERS_STRING_CATALOGS = YES;
				MTL_ENABLE_DEBUG_INFO = INCLUDE_SOURCE;
				MTL_FAST_MATH = YES;
				ONLY_ACTIVE_ARCH = YES;
				SDKROOT = iphoneos;
				SWIFT_ACTIVE_COMPILATION_CONDITIONS = "DEBUG $(inherited)";
				SWIFT_OPTIMIZATION_LEVEL = "-Onone";
			};
			name = Debug;
		};
		84AE215B2C93546B00C2CC6F /* Release */ = {
			isa = XCBuildConfiguration;
			buildSettings = {
				ALWAYS_SEARCH_USER_PATHS = NO;
				ASSETCATALOG_COMPILER_GENERATE_SWIFT_ASSET_SYMBOL_EXTENSIONS = YES;
				CLANG_ANALYZER_NONNULL = YES;
				CLANG_ANALYZER_NUMBER_OBJECT_CONVERSION = YES_AGGRESSIVE;
				CLANG_CXX_LANGUAGE_STANDARD = "gnu++20";
				CLANG_ENABLE_MODULES = YES;
				CLANG_ENABLE_OBJC_ARC = YES;
				CLANG_ENABLE_OBJC_WEAK = YES;
				CLANG_WARN_BLOCK_CAPTURE_AUTORELEASING = YES;
				CLANG_WARN_BOOL_CONVERSION = YES;
				CLANG_WARN_COMMA = YES;
				CLANG_WARN_CONSTANT_CONVERSION = YES;
				CLANG_WARN_DEPRECATED_OBJC_IMPLEMENTATIONS = YES;
				CLANG_WARN_DIRECT_OBJC_ISA_USAGE = YES_ERROR;
				CLANG_WARN_DOCUMENTATION_COMMENTS = YES;
				CLANG_WARN_EMPTY_BODY = YES;
				CLANG_WARN_ENUM_CONVERSION = YES;
				CLANG_WARN_INFINITE_RECURSION = YES;
				CLANG_WARN_INT_CONVERSION = YES;
				CLANG_WARN_NON_LITERAL_NULL_CONVERSION = YES;
				CLANG_WARN_OBJC_IMPLICIT_RETAIN_SELF = YES;
				CLANG_WARN_OBJC_LITERAL_CONVERSION = YES;
				CLANG_WARN_OBJC_ROOT_CLASS = YES_ERROR;
				CLANG_WARN_QUOTED_INCLUDE_IN_FRAMEWORK_HEADER = YES;
				CLANG_WARN_RANGE_LOOP_ANALYSIS = YES;
				CLANG_WARN_STRICT_PROTOTYPES = YES;
				CLANG_WARN_SUSPICIOUS_MOVE = YES;
				CLANG_WARN_UNGUARDED_AVAILABILITY = YES_AGGRESSIVE;
				CLANG_WARN_UNREACHABLE_CODE = YES;
				CLANG_WARN__DUPLICATE_METHOD_MATCH = YES;
				COPY_PHASE_STRIP = NO;
				DEBUG_INFORMATION_FORMAT = "dwarf-with-dsym";
				ENABLE_NS_ASSERTIONS = NO;
				ENABLE_STRICT_OBJC_MSGSEND = YES;
				ENABLE_USER_SCRIPT_SANDBOXING = YES;
				GCC_C_LANGUAGE_STANDARD = gnu17;
				GCC_NO_COMMON_BLOCKS = YES;
				GCC_WARN_64_TO_32_BIT_CONVERSION = YES;
				GCC_WARN_ABOUT_RETURN_TYPE = YES_ERROR;
				GCC_WARN_UNDECLARED_SELECTOR = YES;
				GCC_WARN_UNINITIALIZED_AUTOS = YES_AGGRESSIVE;
				GCC_WARN_UNUSED_FUNCTION = YES;
				GCC_WARN_UNUSED_VARIABLE = YES;
				IPHONEOS_DEPLOYMENT_TARGET = 17.4;
				LOCALIZATION_PREFERS_STRING_CATALOGS = YES;
				MTL_ENABLE_DEBUG_INFO = NO;
				MTL_FAST_MATH = YES;
				SDKROOT = iphoneos;
				SWIFT_COMPILATION_MODE = wholemodule;
				VALIDATE_PRODUCT = YES;
			};
			name = Release;
		};
		84AE215D2C93546B00C2CC6F /* Debug */ = {
			isa = XCBuildConfiguration;
			buildSettings = {
				ASSETCATALOG_COMPILER_APPICON_NAME = AppIcon;
				ASSETCATALOG_COMPILER_GLOBAL_ACCENT_COLOR_NAME = AccentColor;
				CODE_SIGN_STYLE = Automatic;
				CURRENT_PROJECT_VERSION = 1;
				DEVELOPMENT_ASSET_PATHS = "\"UnibuiAssignment/Preview Content\"";
				DEVELOPMENT_TEAM = 7X75FNL228;
				ENABLE_PREVIEWS = YES;
				GENERATE_INFOPLIST_FILE = YES;
				INFOPLIST_KEY_UIApplicationSceneManifest_Generation = YES;
				INFOPLIST_KEY_UIApplicationSupportsIndirectInputEvents = YES;
				INFOPLIST_KEY_UILaunchScreen_Generation = YES;
				INFOPLIST_KEY_UISupportedInterfaceOrientations_iPad = "UIInterfaceOrientationPortrait UIInterfaceOrientationPortraitUpsideDown UIInterfaceOrientationLandscapeLeft UIInterfaceOrientationLandscapeRight";
				INFOPLIST_KEY_UISupportedInterfaceOrientations_iPhone = "UIInterfaceOrientationPortrait UIInterfaceOrientationLandscapeLeft UIInterfaceOrientationLandscapeRight";
				LD_RUNPATH_SEARCH_PATHS = (
					"$(inherited)",
					"@executable_path/Frameworks",
				);
				MARKETING_VERSION = 1.0;
				PRODUCT_BUNDLE_IDENTIFIER = com.yanbrunshteyn.UnibuiAssignment;
				PRODUCT_NAME = "$(TARGET_NAME)";
				SWIFT_EMIT_LOC_STRINGS = YES;
				SWIFT_VERSION = 5.0;
				TARGETED_DEVICE_FAMILY = "1,2";
			};
			name = Debug;
		};
		84AE215E2C93546B00C2CC6F /* Release */ = {
			isa = XCBuildConfiguration;
			buildSettings = {
				ASSETCATALOG_COMPILER_APPICON_NAME = AppIcon;
				ASSETCATALOG_COMPILER_GLOBAL_ACCENT_COLOR_NAME = AccentColor;
				CODE_SIGN_STYLE = Automatic;
				CURRENT_PROJECT_VERSION = 1;
				DEVELOPMENT_ASSET_PATHS = "\"UnibuiAssignment/Preview Content\"";
				DEVELOPMENT_TEAM = 7X75FNL228;
				ENABLE_PREVIEWS = YES;
				GENERATE_INFOPLIST_FILE = YES;
				INFOPLIST_KEY_UIApplicationSceneManifest_Generation = YES;
				INFOPLIST_KEY_UIApplicationSupportsIndirectInputEvents = YES;
				INFOPLIST_KEY_UILaunchScreen_Generation = YES;
				INFOPLIST_KEY_UISupportedInterfaceOrientations_iPad = "UIInterfaceOrientationPortrait UIInterfaceOrientationPortraitUpsideDown UIInterfaceOrientationLandscapeLeft UIInterfaceOrientationLandscapeRight";
				INFOPLIST_KEY_UISupportedInterfaceOrientations_iPhone = "UIInterfaceOrientationPortrait UIInterfaceOrientationLandscapeLeft UIInterfaceOrientationLandscapeRight";
				LD_RUNPATH_SEARCH_PATHS = (
					"$(inherited)",
					"@executable_path/Frameworks",
				);
				MARKETING_VERSION = 1.0;
				PRODUCT_BUNDLE_IDENTIFIER = com.yanbrunshteyn.UnibuiAssignment;
				PRODUCT_NAME = "$(TARGET_NAME)";
				SWIFT_EMIT_LOC_STRINGS = YES;
				SWIFT_VERSION = 5.0;
				TARGETED_DEVICE_FAMILY = "1,2";
			};
			name = Release;
		};
		84AE21602C93546B00C2CC6F /* Debug */ = {
			isa = XCBuildConfiguration;
			buildSettings = {
				ALWAYS_EMBED_SWIFT_STANDARD_LIBRARIES = YES;
				BUNDLE_LOADER = "$(TEST_HOST)";
				CODE_SIGN_STYLE = Automatic;
				CURRENT_PROJECT_VERSION = 1;
				DEVELOPMENT_TEAM = 7X75FNL228;
				GENERATE_INFOPLIST_FILE = YES;
				IPHONEOS_DEPLOYMENT_TARGET = 17.4;
				MARKETING_VERSION = 1.0;
				PRODUCT_BUNDLE_IDENTIFIER = com.yanbrunshteyn.UnibuiAssignmentTests;
				PRODUCT_NAME = "$(TARGET_NAME)";
				SWIFT_EMIT_LOC_STRINGS = NO;
				SWIFT_VERSION = 5.0;
				TARGETED_DEVICE_FAMILY = "1,2";
				TEST_HOST = "$(BUILT_PRODUCTS_DIR)/UnibuiAssignment.app/$(BUNDLE_EXECUTABLE_FOLDER_PATH)/UnibuiAssignment";
			};
			name = Debug;
		};
		84AE21612C93546B00C2CC6F /* Release */ = {
			isa = XCBuildConfiguration;
			buildSettings = {
				ALWAYS_EMBED_SWIFT_STANDARD_LIBRARIES = YES;
				BUNDLE_LOADER = "$(TEST_HOST)";
				CODE_SIGN_STYLE = Automatic;
				CURRENT_PROJECT_VERSION = 1;
				DEVELOPMENT_TEAM = 7X75FNL228;
				GENERATE_INFOPLIST_FILE = YES;
				IPHONEOS_DEPLOYMENT_TARGET = 17.4;
				MARKETING_VERSION = 1.0;
				PRODUCT_BUNDLE_IDENTIFIER = com.yanbrunshteyn.UnibuiAssignmentTests;
				PRODUCT_NAME = "$(TARGET_NAME)";
				SWIFT_EMIT_LOC_STRINGS = NO;
				SWIFT_VERSION = 5.0;
				TARGETED_DEVICE_FAMILY = "1,2";
				TEST_HOST = "$(BUILT_PRODUCTS_DIR)/UnibuiAssignment.app/$(BUNDLE_EXECUTABLE_FOLDER_PATH)/UnibuiAssignment";
			};
			name = Release;
		};
		84AE21632C93546B00C2CC6F /* Debug */ = {
			isa = XCBuildConfiguration;
			buildSettings = {
				ALWAYS_EMBED_SWIFT_STANDARD_LIBRARIES = YES;
				CODE_SIGN_STYLE = Automatic;
				CURRENT_PROJECT_VERSION = 1;
				DEVELOPMENT_TEAM = 7X75FNL228;
				GENERATE_INFOPLIST_FILE = YES;
				MARKETING_VERSION = 1.0;
				PRODUCT_BUNDLE_IDENTIFIER = com.yanbrunshteyn.UnibuiAssignmentUITests;
				PRODUCT_NAME = "$(TARGET_NAME)";
				SWIFT_EMIT_LOC_STRINGS = NO;
				SWIFT_VERSION = 5.0;
				TARGETED_DEVICE_FAMILY = "1,2";
				TEST_TARGET_NAME = UnibuiAssignment;
			};
			name = Debug;
		};
		84AE21642C93546B00C2CC6F /* Release */ = {
			isa = XCBuildConfiguration;
			buildSettings = {
				ALWAYS_EMBED_SWIFT_STANDARD_LIBRARIES = YES;
				CODE_SIGN_STYLE = Automatic;
				CURRENT_PROJECT_VERSION = 1;
				DEVELOPMENT_TEAM = 7X75FNL228;
				GENERATE_INFOPLIST_FILE = YES;
				MARKETING_VERSION = 1.0;
				PRODUCT_BUNDLE_IDENTIFIER = com.yanbrunshteyn.UnibuiAssignmentUITests;
				PRODUCT_NAME = "$(TARGET_NAME)";
				SWIFT_EMIT_LOC_STRINGS = NO;
				SWIFT_VERSION = 5.0;
				TARGETED_DEVICE_FAMILY = "1,2";
				TEST_TARGET_NAME = UnibuiAssignment;
			};
			name = Release;
		};
/* End XCBuildConfiguration section */

/* Begin XCConfigurationList section */
		84AE212E2C93546A00C2CC6F /* Build configuration list for PBXProject "UnibuiAssignment" */ = {
			isa = XCConfigurationList;
			buildConfigurations = (
				84AE215A2C93546B00C2CC6F /* Debug */,
				84AE215B2C93546B00C2CC6F /* Release */,
			);
			defaultConfigurationIsVisible = 0;
			defaultConfigurationName = Release;
		};
		84AE215C2C93546B00C2CC6F /* Build configuration list for PBXNativeTarget "UnibuiAssignment" */ = {
			isa = XCConfigurationList;
			buildConfigurations = (
				84AE215D2C93546B00C2CC6F /* Debug */,
				84AE215E2C93546B00C2CC6F /* Release */,
			);
			defaultConfigurationIsVisible = 0;
			defaultConfigurationName = Release;
		};
		84AE215F2C93546B00C2CC6F /* Build configuration list for PBXNativeTarget "UnibuiAssignmentTests" */ = {
			isa = XCConfigurationList;
			buildConfigurations = (
				84AE21602C93546B00C2CC6F /* Debug */,
				84AE21612C93546B00C2CC6F /* Release */,
			);
			defaultConfigurationIsVisible = 0;
			defaultConfigurationName = Release;
		};
		84AE21622C93546B00C2CC6F /* Build configuration list for PBXNativeTarget "UnibuiAssignmentUITests" */ = {
			isa = XCConfigurationList;
			buildConfigurations = (
				84AE21632C93546B00C2CC6F /* Debug */,
				84AE21642C93546B00C2CC6F /* Release */,
			);
			defaultConfigurationIsVisible = 0;
			defaultConfigurationName = Release;
		};
/* End XCConfigurationList section */

/* Begin XCVersionGroup section */
		84AE21412C93546B00C2CC6F /* UnibuiAssignment.xcdatamodeld */ = {
			isa = XCVersionGroup;
			children = (
				84AE21422C93546B00C2CC6F /* UnibuiAssignment.xcdatamodel */,
			);
			currentVersion = 84AE21422C93546B00C2CC6F /* UnibuiAssignment.xcdatamodel */;
			path = UnibuiAssignment.xcdatamodeld;
			sourceTree = "<group>";
			versionGroupType = wrapper.xcdatamodel;
		};
/* End XCVersionGroup section */
	};
	rootObject = 84AE212B2C93546A00C2CC6F /* Project object */;
}
